// !$*UTF8*$!
{
	archiveVersion = 1;
	classes = {
	};
	objectVersion = 46;
	objects = {

/* Begin PBXBuildFile section */
		A05B30C31F6F63E3003F336D /* AppDelegate.swift in Sources */ = {isa = PBXBuildFile; fileRef = A05B30C21F6F63E3003F336D /* AppDelegate.swift */; };
		A05B30C51F6F63E3003F336D /* ViewController.swift in Sources */ = {isa = PBXBuildFile; fileRef = A05B30C41F6F63E3003F336D /* ViewController.swift */; };
		A05B30C81F6F63E3003F336D /* Main.storyboard in Resources */ = {isa = PBXBuildFile; fileRef = A05B30C61F6F63E3003F336D /* Main.storyboard */; };
		A05B30CA1F6F63E3003F336D /* Assets.xcassets in Resources */ = {isa = PBXBuildFile; fileRef = A05B30C91F6F63E3003F336D /* Assets.xcassets */; };
		A05B30CD1F6F63E3003F336D /* LaunchScreen.storyboard in Resources */ = {isa = PBXBuildFile; fileRef = A05B30CB1F6F63E3003F336D /* LaunchScreen.storyboard */; };
		A05B30D81F6F63E4003F336D /* testTests.swift in Sources */ = {isa = PBXBuildFile; fileRef = A05B30D71F6F63E4003F336D /* testTests.swift */; };
		A05B30E31F6F63E4003F336D /* testUITests.swift in Sources */ = {isa = PBXBuildFile; fileRef = A05B30E21F6F63E4003F336D /* testUITests.swift */; };
		A05B30F11F6F63F5003F336D /* FirstViewController.swift in Sources */ = {isa = PBXBuildFile; fileRef = A05B30F01F6F63F5003F336D /* FirstViewController.swift */; };
		A074D4691F7B8084000112CE /* time.swift in Sources */ = {isa = PBXBuildFile; fileRef = A074D4681F7B8084000112CE /* time.swift */; };
		A074D46E1F7B858E000112CE /* PushAnimationController.swift in Sources */ = {isa = PBXBuildFile; fileRef = A074D46D1F7B858E000112CE /* PushAnimationController.swift */; };
		A074D4701F7B98F8000112CE /* SecondViewController.swift in Sources */ = {isa = PBXBuildFile; fileRef = A074D46F1F7B98F8000112CE /* SecondViewController.swift */; };
		A0A48BF11F7CA5A900F97A8A /* UIViewControllerTransition.swift in Sources */ = {isa = PBXBuildFile; fileRef = A0A48BF01F7CA5A900F97A8A /* UIViewControllerTransition.swift */; };
/* End PBXBuildFile section */

/* Begin PBXContainerItemProxy section */
		A05B30D41F6F63E4003F336D /* PBXContainerItemProxy */ = {
			isa = PBXContainerItemProxy;
			containerPortal = A05B30B71F6F63E3003F336D /* Project object */;
			proxyType = 1;
			remoteGlobalIDString = A05B30BE1F6F63E3003F336D;
			remoteInfo = test;
		};
		A05B30DF1F6F63E4003F336D /* PBXContainerItemProxy */ = {
			isa = PBXContainerItemProxy;
			containerPortal = A05B30B71F6F63E3003F336D /* Project object */;
			proxyType = 1;
			remoteGlobalIDString = A05B30BE1F6F63E3003F336D;
			remoteInfo = test;
		};
/* End PBXContainerItemProxy section */

/* Begin PBXFileReference section */
		A05B30BF1F6F63E3003F336D /* test.app */ = {isa = PBXFileReference; explicitFileType = wrapper.application; includeInIndex = 0; path = test.app; sourceTree = BUILT_PRODUCTS_DIR; };
		A05B30C21F6F63E3003F336D /* AppDelegate.swift */ = {isa = PBXFileReference; lastKnownFileType = sourcecode.swift; path = AppDelegate.swift; sourceTree = "<group>"; };
		A05B30C41F6F63E3003F336D /* ViewController.swift */ = {isa = PBXFileReference; lastKnownFileType = sourcecode.swift; path = ViewController.swift; sourceTree = "<group>"; };
		A05B30C71F6F63E3003F336D /* Base */ = {isa = PBXFileReference; lastKnownFileType = file.storyboard; name = Base; path = Base.lproj/Main.storyboard; sourceTree = "<group>"; };
		A05B30C91F6F63E3003F336D /* Assets.xcassets */ = {isa = PBXFileReference; lastKnownFileType = folder.assetcatalog; path = Assets.xcassets; sourceTree = "<group>"; };
		A05B30CC1F6F63E3003F336D /* Base */ = {isa = PBXFileReference; lastKnownFileType = file.storyboard; name = Base; path = Base.lproj/LaunchScreen.storyboard; sourceTree = "<group>"; };
		A05B30CE1F6F63E3003F336D /* Info.plist */ = {isa = PBXFileReference; lastKnownFileType = text.plist.xml; path = Info.plist; sourceTree = "<group>"; };
		A05B30D31F6F63E4003F336D /* testTests.xctest */ = {isa = PBXFileReference; explicitFileType = wrapper.cfbundle; includeInIndex = 0; path = testTests.xctest; sourceTree = BUILT_PRODUCTS_DIR; };
		A05B30D71F6F63E4003F336D /* testTests.swift */ = {isa = PBXFileReference; lastKnownFileType = sourcecode.swift; path = testTests.swift; sourceTree = "<group>"; };
		A05B30D91F6F63E4003F336D /* Info.plist */ = {isa = PBXFileReference; lastKnownFileType = text.plist.xml; path = Info.plist; sourceTree = "<group>"; };
		A05B30DE1F6F63E4003F336D /* testUITests.xctest */ = {isa = PBXFileReference; explicitFileType = wrapper.cfbundle; includeInIndex = 0; path = testUITests.xctest; sourceTree = BUILT_PRODUCTS_DIR; };
		A05B30E21F6F63E4003F336D /* testUITests.swift */ = {isa = PBXFileReference; lastKnownFileType = sourcecode.swift; path = testUITests.swift; sourceTree = "<group>"; };
		A05B30E41F6F63E4003F336D /* Info.plist */ = {isa = PBXFileReference; lastKnownFileType = text.plist.xml; path = Info.plist; sourceTree = "<group>"; };
		A05B30F01F6F63F5003F336D /* FirstViewController.swift */ = {isa = PBXFileReference; fileEncoding = 4; lastKnownFileType = sourcecode.swift; path = FirstViewController.swift; sourceTree = "<group>"; };
		A074D4681F7B8084000112CE /* time.swift */ = {isa = PBXFileReference; lastKnownFileType = sourcecode.swift; path = time.swift; sourceTree = "<group>"; };
		A074D46D1F7B858E000112CE /* PushAnimationController.swift */ = {isa = PBXFileReference; lastKnownFileType = sourcecode.swift; path = PushAnimationController.swift; sourceTree = "<group>"; };
		A074D46F1F7B98F8000112CE /* SecondViewController.swift */ = {isa = PBXFileReference; lastKnownFileType = sourcecode.swift; path = SecondViewController.swift; sourceTree = "<group>"; };
		A0A48BF01F7CA5A900F97A8A /* UIViewControllerTransition.swift */ = {isa = PBXFileReference; lastKnownFileType = sourcecode.swift; path = UIViewControllerTransition.swift; sourceTree = "<group>"; };
/* End PBXFileReference section */

/* Begin PBXFrameworksBuildPhase section */
		A05B30BC1F6F63E3003F336D /* Frameworks */ = {
			isa = PBXFrameworksBuildPhase;
			buildActionMask = 2147483647;
			files = (
			);
			runOnlyForDeploymentPostprocessing = 0;
		};
		A05B30D01F6F63E4003F336D /* Frameworks */ = {
			isa = PBXFrameworksBuildPhase;
			buildActionMask = 2147483647;
			files = (
			);
			runOnlyForDeploymentPostprocessing = 0;
		};
		A05B30DB1F6F63E4003F336D /* Frameworks */ = {
			isa = PBXFrameworksBuildPhase;
			buildActionMask = 2147483647;
			files = (
			);
			runOnlyForDeploymentPostprocessing = 0;
		};
/* End PBXFrameworksBuildPhase section */

/* Begin PBXGroup section */
		A05B30B61F6F63E3003F336D = {
			isa = PBXGroup;
			children = (
				A05B30C11F6F63E3003F336D /* test */,
				A05B30D61F6F63E4003F336D /* testTests */,
				A05B30E11F6F63E4003F336D /* testUITests */,
				A05B30C01F6F63E3003F336D /* Products */,
			);
			sourceTree = "<group>";
		};
		A05B30C01F6F63E3003F336D /* Products */ = {
			isa = PBXGroup;
			children = (
				A05B30BF1F6F63E3003F336D /* test.app */,
				A05B30D31F6F63E4003F336D /* testTests.xctest */,
				A05B30DE1F6F63E4003F336D /* testUITests.xctest */,
			);
			name = Products;
			sourceTree = "<group>";
		};
		A05B30C11F6F63E3003F336D /* test */ = {
			isa = PBXGroup;
			children = (
				A074D46A1F7B809D000112CE /* TransitionAnimation */,
				A05B30C21F6F63E3003F336D /* AppDelegate.swift */,
				A05B30C41F6F63E3003F336D /* ViewController.swift */,
				A05B30F01F6F63F5003F336D /* FirstViewController.swift */,
				A074D46F1F7B98F8000112CE /* SecondViewController.swift */,
				A05B30C61F6F63E3003F336D /* Main.storyboard */,
				A05B30C91F6F63E3003F336D /* Assets.xcassets */,
				A05B30CB1F6F63E3003F336D /* LaunchScreen.storyboard */,
				A05B30CE1F6F63E3003F336D /* Info.plist */,
			);
			path = test;
			sourceTree = "<group>";
		};
		A05B30D61F6F63E4003F336D /* testTests */ = {
			isa = PBXGroup;
			children = (
				A05B30D71F6F63E4003F336D /* testTests.swift */,
				A05B30D91F6F63E4003F336D /* Info.plist */,
			);
			path = testTests;
			sourceTree = "<group>";
		};
		A05B30E11F6F63E4003F336D /* testUITests */ = {
			isa = PBXGroup;
			children = (
				A05B30E21F6F63E4003F336D /* testUITests.swift */,
				A05B30E41F6F63E4003F336D /* Info.plist */,
			);
			path = testUITests;
			sourceTree = "<group>";
		};
		A074D46A1F7B809D000112CE /* TransitionAnimation */ = {
			isa = PBXGroup;
			children = (
				A074D46D1F7B858E000112CE /* PushAnimationController.swift */,
				A074D4681F7B8084000112CE /* time.swift */,
				A0A48BF01F7CA5A900F97A8A /* UIViewControllerTransition.swift */,
			);
			path = TransitionAnimation;
			sourceTree = "<group>";
		};
/* End PBXGroup section */

/* Begin PBXNativeTarget section */
		A05B30BE1F6F63E3003F336D /* test */ = {
			isa = PBXNativeTarget;
			buildConfigurationList = A05B30E71F6F63E4003F336D /* Build configuration list for PBXNativeTarget "test" */;
			buildPhases = (
				A05B30BB1F6F63E3003F336D /* Sources */,
				A05B30BC1F6F63E3003F336D /* Frameworks */,
				A05B30BD1F6F63E3003F336D /* Resources */,
			);
			buildRules = (
			);
			dependencies = (
			);
			name = test;
			productName = test;
			productReference = A05B30BF1F6F63E3003F336D /* test.app */;
			productType = "com.apple.product-type.application";
		};
		A05B30D21F6F63E4003F336D /* testTests */ = {
			isa = PBXNativeTarget;
			buildConfigurationList = A05B30EA1F6F63E4003F336D /* Build configuration list for PBXNativeTarget "testTests" */;
			buildPhases = (
				A05B30CF1F6F63E4003F336D /* Sources */,
				A05B30D01F6F63E4003F336D /* Frameworks */,
				A05B30D11F6F63E4003F336D /* Resources */,
			);
			buildRules = (
			);
			dependencies = (
				A05B30D51F6F63E4003F336D /* PBXTargetDependency */,
			);
			name = testTests;
			productName = testTests;
			productReference = A05B30D31F6F63E4003F336D /* testTests.xctest */;
			productType = "com.apple.product-type.bundle.unit-test";
		};
		A05B30DD1F6F63E4003F336D /* testUITests */ = {
			isa = PBXNativeTarget;
			buildConfigurationList = A05B30ED1F6F63E4003F336D /* Build configuration list for PBXNativeTarget "testUITests" */;
			buildPhases = (
				A05B30DA1F6F63E4003F336D /* Sources */,
				A05B30DB1F6F63E4003F336D /* Frameworks */,
				A05B30DC1F6F63E4003F336D /* Resources */,
			);
			buildRules = (
			);
			dependencies = (
				A05B30E01F6F63E4003F336D /* PBXTargetDependency */,
			);
			name = testUITests;
			productName = testUITests;
			productReference = A05B30DE1F6F63E4003F336D /* testUITests.xctest */;
			productType = "com.apple.product-type.bundle.ui-testing";
		};
/* End PBXNativeTarget section */

/* Begin PBXProject section */
		A05B30B71F6F63E3003F336D /* Project object */ = {
			isa = PBXProject;
			attributes = {
				LastSwiftUpdateCheck = 0830;
				LastUpgradeCheck = 0830;
				ORGANIZATIONNAME = light;
				TargetAttributes = {
					A05B30BE1F6F63E3003F336D = {
						CreatedOnToolsVersion = 8.3.3;
						ProvisioningStyle = Automatic;
					};
					A05B30D21F6F63E4003F336D = {
						CreatedOnToolsVersion = 8.3.3;
						ProvisioningStyle = Automatic;
						TestTargetID = A05B30BE1F6F63E3003F336D;
					};
					A05B30DD1F6F63E4003F336D = {
						CreatedOnToolsVersion = 8.3.3;
						ProvisioningStyle = Automatic;
						TestTargetID = A05B30BE1F6F63E3003F336D;
					};
				};
			};
			buildConfigurationList = A05B30BA1F6F63E3003F336D /* Build configuration list for PBXProject "test" */;
			compatibilityVersion = "Xcode 3.2";
			developmentRegion = English;
			hasScannedForEncodings = 0;
			knownRegions = (
				en,
				Base,
			);
			mainGroup = A05B30B61F6F63E3003F336D;
			productRefGroup = A05B30C01F6F63E3003F336D /* Products */;
			projectDirPath = "";
			projectRoot = "";
			targets = (
				A05B30BE1F6F63E3003F336D /* test */,
				A05B30D21F6F63E4003F336D /* testTests */,
				A05B30DD1F6F63E4003F336D /* testUITests */,
			);
		};
/* End PBXProject section */

/* Begin PBXResourcesBuildPhase section */
		A05B30BD1F6F63E3003F336D /* Resources */ = {
			isa = PBXResourcesBuildPhase;
			buildActionMask = 2147483647;
			files = (
				A05B30CD1F6F63E3003F336D /* LaunchScreen.storyboard in Resources */,
				A05B30CA1F6F63E3003F336D /* Assets.xcassets in Resources */,
				A05B30C81F6F63E3003F336D /* Main.storyboard in Resources */,
			);
			runOnlyForDeploymentPostprocessing = 0;
		};
		A05B30D11F6F63E4003F336D /* Resources */ = {
			isa = PBXResourcesBuildPhase;
			buildActionMask = 2147483647;
			files = (
			);
			runOnlyForDeploymentPostprocessing = 0;
		};
		A05B30DC1F6F63E4003F336D /* Resources */ = {
			isa = PBXResourcesBuildPhase;
			buildActionMask = 2147483647;
			files = (
			);
			runOnlyForDeploymentPostprocessing = 0;
		};
/* End PBXResourcesBuildPhase section */

/* Begin PBXSourcesBuildPhase section */
		A05B30BB1F6F63E3003F336D /* Sources */ = {
			isa = PBXSourcesBuildPhase;
			buildActionMask = 2147483647;
			files = (
				A074D4701F7B98F8000112CE /* SecondViewController.swift in Sources */,
				A074D46E1F7B858E000112CE /* PushAnimationController.swift in Sources */,
				A074D4691F7B8084000112CE /* time.swift in Sources */,
				A0A48BF11F7CA5A900F97A8A /* UIViewControllerTransition.swift in Sources */,
				A05B30F11F6F63F5003F336D /* FirstViewController.swift in Sources */,
				A05B30C51F6F63E3003F336D /* ViewController.swift in Sources */,
				A05B30C31F6F63E3003F336D /* AppDelegate.swift in Sources */,
			);
			runOnlyForDeploymentPostprocessing = 0;
		};
		A05B30CF1F6F63E4003F336D /* Sources */ = {
			isa = PBXSourcesBuildPhase;
			buildActionMask = 2147483647;
			files = (
				A05B30D81F6F63E4003F336D /* testTests.swift in Sources */,
			);
			runOnlyForDeploymentPostprocessing = 0;
		};
		A05B30DA1F6F63E4003F336D /* Sources */ = {
			isa = PBXSourcesBuildPhase;
			buildActionMask = 2147483647;
			files = (
				A05B30E31F6F63E4003F336D /* testUITests.swift in Sources */,
			);
			runOnlyForDeploymentPostprocessing = 0;
		};
/* End PBXSourcesBuildPhase section */

/* Begin PBXTargetDependency section */
		A05B30D51F6F63E4003F336D /* PBXTargetDependency */ = {
			isa = PBXTargetDependency;
			target = A05B30BE1F6F63E3003F336D /* test */;
			targetProxy = A05B30D41F6F63E4003F336D /* PBXContainerItemProxy */;
		};
		A05B30E01F6F63E4003F336D /* PBXTargetDependency */ = {
			isa = PBXTargetDependency;
			target = A05B30BE1F6F63E3003F336D /* test */;
			targetProxy = A05B30DF1F6F63E4003F336D /* PBXContainerItemProxy */;
		};
/* End PBXTargetDependency section */

/* Begin PBXVariantGroup section */
		A05B30C61F6F63E3003F336D /* Main.storyboard */ = {
			isa = PBXVariantGroup;
			children = (
				A05B30C71F6F63E3003F336D /* Base */,
			);
			name = Main.storyboard;
			sourceTree = "<group>";
		};
		A05B30CB1F6F63E3003F336D /* LaunchScreen.storyboard */ = {
			isa = PBXVariantGroup;
			children = (
				A05B30CC1F6F63E3003F336D /* Base */,
			);
			name = LaunchScreen.storyboard;
			sourceTree = "<group>";
		};
/* End PBXVariantGroup section */

/* Begin XCBuildConfiguration section */
		A05B30E51F6F63E4003F336D /* Debug */ = {
			isa = XCBuildConfiguration;
			buildSettings = {
				ALWAYS_SEARCH_USER_PATHS = NO;
				CLANG_ANALYZER_NONNULL = YES;
				CLANG_ANALYZER_NUMBER_OBJECT_CONVERSION = YES_AGGRESSIVE;
				CLANG_CXX_LANGUAGE_STANDARD = "gnu++0x";
				CLANG_CXX_LIBRARY = "libc++";
				CLANG_ENABLE_MODULES = YES;
				CLANG_ENABLE_OBJC_ARC = YES;
				CLANG_WARN_BOOL_CONVERSION = YES;
				CLANG_WARN_CONSTANT_CONVERSION = YES;
				CLANG_WARN_DIRECT_OBJC_ISA_USAGE = YES_ERROR;
				CLANG_WARN_DOCUMENTATION_COMMENTS = YES;
				CLANG_WARN_EMPTY_BODY = YES;
				CLANG_WARN_ENUM_CONVERSION = YES;
				CLANG_WARN_INFINITE_RECURSION = YES;
				CLANG_WARN_INT_CONVERSION = YES;
				CLANG_WARN_OBJC_ROOT_CLASS = YES_ERROR;
				CLANG_WARN_SUSPICIOUS_MOVE = YES;
				CLANG_WARN_UNREACHABLE_CODE = YES;
				CLANG_WARN__DUPLICATE_METHOD_MATCH = YES;
				"CODE_SIGN_IDENTITY[sdk=iphoneos*]" = "iPhone Developer";
				COPY_PHASE_STRIP = NO;
				DEBUG_INFORMATION_FORMAT = dwarf;
				ENABLE_STRICT_OBJC_MSGSEND = YES;
				ENABLE_TESTABILITY = YES;
				GCC_C_LANGUAGE_STANDARD = gnu99;
				GCC_DYNAMIC_NO_PIC = NO;
				GCC_NO_COMMON_BLOCKS = YES;
				GCC_OPTIMIZATION_LEVEL = 0;
				GCC_PREPROCESSOR_DEFINITIONS = (
					"DEBUG=1",
					"$(inherited)",
				);
				GCC_WARN_64_TO_32_BIT_CONVERSION = YES;
				GCC_WARN_ABOUT_RETURN_TYPE = YES_ERROR;
				GCC_WARN_UNDECLARED_SELECTOR = YES;
				GCC_WARN_UNINITIALIZED_AUTOS = YES_AGGRESSIVE;
				GCC_WARN_UNUSED_FUNCTION = YES;
				GCC_WARN_UNUSED_VARIABLE = YES;
				IPHONEOS_DEPLOYMENT_TARGET = 10.3;
				MTL_ENABLE_DEBUG_INFO = YES;
				ONLY_ACTIVE_ARCH = YES;
				SDKROOT = iphoneos;
				SWIFT_ACTIVE_COMPILATION_CONDITIONS = DEBUG;
				SWIFT_OPTIMIZATION_LEVEL = "-Onone";
				TARGETED_DEVICE_FAMILY = "1,2";
			};
			name = Debug;
		};
		A05B30E61F6F63E4003F336D /* Release */ = {
			isa = XCBuildConfiguration;
			buildSettings = {
				ALWAYS_SEARCH_USER_PATHS = NO;
				CLANG_ANALYZER_NONNULL = YES;
				CLANG_ANALYZER_NUMBER_OBJECT_CONVERSION = YES_AGGRESSIVE;
				CLANG_CXX_LANGUAGE_STANDARD = "gnu++0x";
				CLANG_CXX_LIBRARY = "libc++";
				CLANG_ENABLE_MODULES = YES;
				CLANG_ENABLE_OBJC_ARC = YES;
				CLANG_WARN_BOOL_CONVERSION = YES;
				CLANG_WARN_CONSTANT_CONVERSION = YES;
				CLANG_WARN_DIRECT_OBJC_ISA_USAGE = YES_ERROR;
				CLANG_WARN_DOCUMENTATION_COMMENTS = YES;
				CLANG_WARN_EMPTY_BODY = YES;
				CLANG_WARN_ENUM_CONVERSION = YES;
				CLANG_WARN_INFINITE_RECURSION = YES;
				CLANG_WARN_INT_CONVERSION = YES;
				CLANG_WARN_OBJC_ROOT_CLASS = YES_ERROR;
				CLANG_WARN_SUSPICIOUS_MOVE = YES;
				CLANG_WARN_UNREACHABLE_CODE = YES;
				CLANG_WARN__DUPLICATE_METHOD_MATCH = YES;
				"CODE_SIGN_IDENTITY[sdk=iphoneos*]" = "iPhone Developer";
				COPY_PHASE_STRIP = NO;
				DEBUG_INFORMATION_FORMAT = "dwarf-with-dsym";
				ENABLE_NS_ASSERTIONS = NO;
				ENABLE_STRICT_OBJC_MSGSEND = YES;
				GCC_C_LANGUAGE_STANDARD = gnu99;
				GCC_NO_COMMON_BLOCKS = YES;
				GCC_WARN_64_TO_32_BIT_CONVERSION = YES;
				GCC_WARN_ABOUT_RETURN_TYPE = YES_ERROR;
				GCC_WARN_UNDECLARED_SELECTOR = YES;
				GCC_WARN_UNINITIALIZED_AUTOS = YES_AGGRESSIVE;
				GCC_WARN_UNUSED_FUNCTION = YES;
				GCC_WARN_UNUSED_VARIABLE = YES;
				IPHONEOS_DEPLOYMENT_TARGET = 10.3;
				MTL_ENABLE_DEBUG_INFO = NO;
				SDKROOT = iphoneos;
				SWIFT_OPTIMIZATION_LEVEL = "-Owholemodule";
				TARGETED_DEVICE_FAMILY = "1,2";
				VALIDATE_PRODUCT = YES;
			};
			name = Release;
		};
		A05B30E81F6F63E4003F336D /* Debug */ = {
			isa = XCBuildConfiguration;
			buildSettings = {
				ASSETCATALOG_COMPILER_APPICON_NAME = AppIcon;
				INFOPLIST_FILE = test/Info.plist;
				LD_RUNPATH_SEARCH_PATHS = "$(inherited) @executable_path/Frameworks";
				PRODUCT_BUNDLE_IDENTIFIER = com.light.test;
				PRODUCT_NAME = "$(TARGET_NAME)";
				SWIFT_VERSION = 3.0;
			};
			name = Debug;
		};
		A05B30E91F6F63E4003F336D /* Release */ = {
			isa = XCBuildConfiguration;
			buildSettings = {
				ASSETCATALOG_COMPILER_APPICON_NAME = AppIcon;
				INFOPLIST_FILE = test/Info.plist;
				LD_RUNPATH_SEARCH_PATHS = "$(inherited) @executable_path/Frameworks";
				PRODUCT_BUNDLE_IDENTIFIER = com.light.test;
				PRODUCT_NAME = "$(TARGET_NAME)";
				SWIFT_VERSION = 3.0;
			};
			name = Release;
		};
		A05B30EB1F6F63E4003F336D /* Debug */ = {
			isa = XCBuildConfiguration;
			buildSettings = {
				ALWAYS_EMBED_SWIFT_STANDARD_LIBRARIES = YES;
				BUNDLE_LOADER = "$(TEST_HOST)";
				INFOPLIST_FILE = testTests/Info.plist;
				LD_RUNPATH_SEARCH_PATHS = "$(inherited) @executable_path/Frameworks @loader_path/Frameworks";
				PRODUCT_BUNDLE_IDENTIFIER = com.light.testTests;
				PRODUCT_NAME = "$(TARGET_NAME)";
				SWIFT_VERSION = 3.0;
				TEST_HOST = "$(BUILT_PRODUCTS_DIR)/test.app/test";
			};
			name = Debug;
		};
		A05B30EC1F6F63E4003F336D /* Release */ = {
			isa = XCBuildConfiguration;
			buildSettings = {
				ALWAYS_EMBED_SWIFT_STANDARD_LIBRARIES = YES;
				BUNDLE_LOADER = "$(TEST_HOST)";
				INFOPLIST_FILE = testTests/Info.plist;
				LD_RUNPATH_SEARCH_PATHS = "$(inherited) @executable_path/Frameworks @loader_path/Frameworks";
				PRODUCT_BUNDLE_IDENTIFIER = com.light.testTests;
				PRODUCT_NAME = "$(TARGET_NAME)";
				SWIFT_VERSION = 3.0;
				TEST_HOST = "$(BUILT_PRODUCTS_DIR)/test.app/test";
			};
			name = Release;
		};
		A05B30EE1F6F63E4003F336D /* Debug */ = {
			isa = XCBuildConfiguration;
			buildSettings = {
				ALWAYS_EMBED_SWIFT_STANDARD_LIBRARIES = YES;
				INFOPLIST_FILE = testUITests/Info.plist;
				LD_RUNPATH_SEARCH_PATHS = "$(inherited) @executable_path/Frameworks @loader_path/Frameworks";
				PRODUCT_BUNDLE_IDENTIFIER = com.light.testUITests;
				PRODUCT_NAME = "$(TARGET_NAME)";
				SWIFT_VERSION = 3.0;
				TEST_TARGET_NAME = test;
			};
			name = Debug;
		};
		A05B30EF1F6F63E4003F336D /* Release */ = {
			isa = XCBuildConfiguration;
			buildSettings = {
				ALWAYS_EMBED_SWIFT_STANDARD_LIBRARIES = YES;
				INFOPLIST_FILE = testUITests/Info.plist;
				LD_RUNPATH_SEARCH_PATHS = "$(inherited) @executable_path/Frameworks @loader_path/Frameworks";
				PRODUCT_BUNDLE_IDENTIFIER = com.light.testUITests;
				PRODUCT_NAME = "$(TARGET_NAME)";
				SWIFT_VERSION = 3.0;
				TEST_TARGET_NAME = test;
			};
			name = Release;
		};
/* End XCBuildConfiguration section */

/* Begin XCConfigurationList section */
		A05B30BA1F6F63E3003F336D /* Build configuration list for PBXProject "test" */ = {
			isa = XCConfigurationList;
			buildConfigurations = (
				A05B30E51F6F63E4003F336D /* Debug */,
				A05B30E61F6F63E4003F336D /* Release */,
			);
			defaultConfigurationIsVisible = 0;
			defaultConfigurationName = Release;
		};
		A05B30E71F6F63E4003F336D /* Build configuration list for PBXNativeTarget "test" */ = {
			isa = XCConfigurationList;
			buildConfigurations = (
				A05B30E81F6F63E4003F336D /* Debug */,
				A05B30E91F6F63E4003F336D /* Release */,
			);
			defaultConfigurationIsVisible = 0;
			defaultConfigurationName = Release;
		};
		A05B30EA1F6F63E4003F336D /* Build configuration list for PBXNativeTarget "testTests" */ = {
			isa = XCConfigurationList;
			buildConfigurations = (
				A05B30EB1F6F63E4003F336D /* Debug */,
				A05B30EC1F6F63E4003F336D /* Release */,
			);
			defaultConfigurationIsVisible = 0;
			defaultConfigurationName = Release;
		};
		A05B30ED1F6F63E4003F336D /* Build configuration list for PBXNativeTarget "testUITests" */ = {
			isa = XCConfigurationList;
			buildConfigurations = (
				A05B30EE1F6F63E4003F336D /* Debug */,
				A05B30EF1F6F63E4003F336D /* Release */,
			);
			defaultConfigurationIsVisible = 0;
			defaultConfigurationName = Release;
		};
/* End XCConfigurationList section */
	};
	rootObject = A05B30B71F6F63E3003F336D /* Project object */;
}
